
Microsoft Visual Studio Solution File, Format Version 12.00
# Visual Studio 15
VisualStudioVersion = 15.0.28307.168
MinimumVisualStudioVersion = 10.0.40219.1
Project("{FAE04EC0-301F-11D3-BF4B-00C04F79EFBC}") = "TestAnalysisTools", "TestAnalysisTools\TestAnalysisTools.csproj", "{821CBC14-3E93-4067-A3CB-455BF6F393D3}"
EndProject
Global
	GlobalSection(SolutionConfigurationPlatforms) = preSolution
		Debug|Any CPU = Debug|Any CPU
		Release|Any CPU = Release|Any CPU
	EndGlobalSection
	GlobalSection(ProjectConfigurationPlatforms) = postSolution
		{821CBC14-3E93-4067-A3CB-455BF6F393D3}.Debug|Any CPU.ActiveCfg = Debug|Any CPU
		{821CBC14-3E93-4067-A3CB-455BF6F393D3}.Debug|Any CPU.Build.0 = Debug|Any CPU
		{821CBC14-3E93-4067-A3CB-455BF6F393D3}.Release|Any CPU.ActiveCfg = Release|Any CPU
		{821CBC14-3E93-4067-A3CB-455BF6F393D3}.Release|Any CPU.Build.0 = Release|Any CPU
	EndGlobalSection
	GlobalSection(SolutionProperties) = preSolution
		HideSolutionNode = FALSE
	EndGlobalSection
	GlobalSection(ExtensibilityGlobals) = postSolution
		SolutionGuid = {39E5F568-F94F-40E0-BA2D-FDAA6E512241}
	EndGlobalSection
EndGlobal
